
Microsoft Visual Studio Solution File, Format Version 12.00
# Visual Studio Version 17
VisualStudioVersion = 17.0.31903.59
MinimumVisualStudioVersion = 10.0.40219.1
Project("{2150E333-8FDC-42A3-9474-1A3956D46DE8}") = "WebApps", "WebApps", "{5E19CF3B-3F3C-48BF-A4F3-E7C3CBA6ACBF}"
EndProject
Project("{9A19103F-16F7-4668-BE54-9A1E7A4F7556}") = "AspnetRunBasics", "WebApps\AspnetRunBasics\AspnetRunBasics.csproj", "{0D8006A2-830F-4875-81FC-CB06FF8786A1}"
EndProject
Project("{9A19103F-16F7-4668-BE54-9A1E7A4F7556}") = "WebStatus", "WebApps\WebStatus\WebStatus.csproj", "{31C3CF9D-4FC0-44F1-8F2E-ED261462CB9F}"
EndProject
Project("{2150E333-8FDC-42A3-9474-1A3956D46DE8}") = "ApiGateways", "ApiGateways", "{846372C3-4B15-4017-B8FD-BED5F2AD22CE}"
EndProject
Project("{2150E333-8FDC-42A3-9474-1A3956D46DE8}") = "Services", "Services", "{28F9798C-D37B-4296-B972-26CEC3155CCD}"
EndProject
Project("{E53339B2-1760-4266-BCC7-CA923CBCF16C}") = "docker-compose", "docker-compose.dcproj", "{0D3CAC21-3DE8-4CCF-91DA-1FAAFE388A40}"
EndProject
Project("{2150E333-8FDC-42A3-9474-1A3956D46DE8}") = "BuildingBlocks", "BuildingBlocks", "{3F060D20-F669-49D8-964C-367AD1302D03}"
EndProject
Project("{9A19103F-16F7-4668-BE54-9A1E7A4F7556}") = "Common.Logging", "BuildingBlocks\Common.Logging\Common.Logging.csproj", "{06C44736-2012-4F61-9306-E4C01C70083D}"
EndProject
Project("{9A19103F-16F7-4668-BE54-9A1E7A4F7556}") = "EventBus.Messages", "BuildingBlocks\EventBus.Messages\EventBus.Messages.csproj", "{9DB69831-1AE6-423A-9D48-67401C9E05F9}"
EndProject
Project("{9A19103F-16F7-4668-BE54-9A1E7A4F7556}") = "OcelotApiGw", "ApiGateways\OcelotApiGw\OcelotApiGw.csproj", "{0F57B8B9-9286-4393-B65F-E699D6285480}"
EndProject
Project("{2150E333-8FDC-42A3-9474-1A3956D46DE8}") = "Discount", "Discount", "{3DC36F61-8A8F-498A-BFD7-FEFCF09FBF89}"
EndProject
Project("{9A19103F-16F7-4668-BE54-9A1E7A4F7556}") = "Discount.Api", "Services\Discount\Discount.Api\Discount.Api.csproj", "{A12F5931-2CE1-45E6-8B78-B4D776E80F15}"
EndProject
Project("{9A19103F-16F7-4668-BE54-9A1E7A4F7556}") = "Discount.Grpc", "Services\Discount\Discount.Grpc\Discount.Grpc.csproj", "{CBF9AA6C-914C-433A-AB5B-D7166DECB550}"
EndProject
Project("{9A19103F-16F7-4668-BE54-9A1E7A4F7556}") = "Discount.UnitTest", "Services\Discount\Discount.UnitTest\Discount.UnitTest.csproj", "{89D13F83-828B-4D0C-A73E-75E287A1FEF9}"
EndProject
Project("{2150E333-8FDC-42A3-9474-1A3956D46DE8}") = "Ordering", "Ordering", "{8226122C-83FB-428B-A4D2-DE0B9EC9B912}"
EndProject
Project("{9A19103F-16F7-4668-BE54-9A1E7A4F7556}") = "Ordering.Api", "Services\Ordering\Ordering.Api\Ordering.Api.csproj", "{65CC048B-458D-41A2-AFC0-8164CA6139CD}"
EndProject
Project("{9A19103F-16F7-4668-BE54-9A1E7A4F7556}") = "Ordering.Application", "Services\Ordering\Ordering.Application\Ordering.Application.csproj", "{1DAA4563-5BF2-4380-B0E7-B7C2EBA76940}"
EndProject
Project("{9A19103F-16F7-4668-BE54-9A1E7A4F7556}") = "Ordering.Domain", "Services\Ordering\Ordering.Domain\Ordering.Domain.csproj", "{4083D86B-E5D1-4185-9875-7D36A9F92D79}"
EndProject
Project("{9A19103F-16F7-4668-BE54-9A1E7A4F7556}") = "Ordering.Infrastructure", "Services\Ordering\Ordering.Infrastructure\Ordering.Infrastructure.csproj", "{19A920B3-97CA-4452-90A5-F5FFECD8FF20}"
EndProject
Project("{2150E333-8FDC-42A3-9474-1A3956D46DE8}") = "Basket", "Basket", "{3CECDD55-D1D5-4656-84FB-51938C0AC11B}"
EndProject
Project("{9A19103F-16F7-4668-BE54-9A1E7A4F7556}") = "Basket.Api", "Services\Basket\Basket.Api\Basket.Api.csproj", "{0745A45A-FD3B-4342-85E1-ED90EE70AF4E}"
EndProject
Project("{9A19103F-16F7-4668-BE54-9A1E7A4F7556}") = "Basket.UnitTest", "Services\Basket\Basket.UnitTest\Basket.UnitTest.csproj", "{DD313A5A-F9E6-43FC-934E-11CDD9DA1453}"
EndProject
Project("{2150E333-8FDC-42A3-9474-1A3956D46DE8}") = "Catalog", "Catalog", "{9BCC4A24-EADE-4AD7-8CBA-DA4994B0E431}"
EndProject
Project("{9A19103F-16F7-4668-BE54-9A1E7A4F7556}") = "Catalog.Api", "Services\Catalog\Catalog.Api\Catalog.Api.csproj", "{54520B40-3DAB-4157-843C-7645047F69E3}"
EndProject
Project("{9A19103F-16F7-4668-BE54-9A1E7A4F7556}") = "Catalog.UnitTest", "Services\Catalog\Catalog.UnitTest\Catalog.UnitTest.csproj", "{9FB7119F-9617-436D-955D-94AB321DF17E}"
EndProject
Global
	GlobalSection(SolutionConfigurationPlatforms) = preSolution
		Debug|Any CPU = Debug|Any CPU
		Release|Any CPU = Release|Any CPU
	EndGlobalSection
	GlobalSection(ProjectConfigurationPlatforms) = postSolution
		{0D8006A2-830F-4875-81FC-CB06FF8786A1}.Debug|Any CPU.ActiveCfg = Debug|Any CPU
		{0D8006A2-830F-4875-81FC-CB06FF8786A1}.Debug|Any CPU.Build.0 = Debug|Any CPU
		{0D8006A2-830F-4875-81FC-CB06FF8786A1}.Release|Any CPU.ActiveCfg = Release|Any CPU
		{0D8006A2-830F-4875-81FC-CB06FF8786A1}.Release|Any CPU.Build.0 = Release|Any CPU
		{31C3CF9D-4FC0-44F1-8F2E-ED261462CB9F}.Debug|Any CPU.ActiveCfg = Debug|Any CPU
		{31C3CF9D-4FC0-44F1-8F2E-ED261462CB9F}.Debug|Any CPU.Build.0 = Debug|Any CPU
		{31C3CF9D-4FC0-44F1-8F2E-ED261462CB9F}.Release|Any CPU.ActiveCfg = Release|Any CPU
		{31C3CF9D-4FC0-44F1-8F2E-ED261462CB9F}.Release|Any CPU.Build.0 = Release|Any CPU
		{0D3CAC21-3DE8-4CCF-91DA-1FAAFE388A40}.Debug|Any CPU.ActiveCfg = Debug|Any CPU
		{0D3CAC21-3DE8-4CCF-91DA-1FAAFE388A40}.Debug|Any CPU.Build.0 = Debug|Any CPU
		{0D3CAC21-3DE8-4CCF-91DA-1FAAFE388A40}.Release|Any CPU.ActiveCfg = Release|Any CPU
		{0D3CAC21-3DE8-4CCF-91DA-1FAAFE388A40}.Release|Any CPU.Build.0 = Release|Any CPU
		{06C44736-2012-4F61-9306-E4C01C70083D}.Debug|Any CPU.ActiveCfg = Debug|Any CPU
		{06C44736-2012-4F61-9306-E4C01C70083D}.Debug|Any CPU.Build.0 = Debug|Any CPU
		{06C44736-2012-4F61-9306-E4C01C70083D}.Release|Any CPU.ActiveCfg = Release|Any CPU
		{06C44736-2012-4F61-9306-E4C01C70083D}.Release|Any CPU.Build.0 = Release|Any CPU
		{9DB69831-1AE6-423A-9D48-67401C9E05F9}.Debug|Any CPU.ActiveCfg = Debug|Any CPU
		{9DB69831-1AE6-423A-9D48-67401C9E05F9}.Debug|Any CPU.Build.0 = Debug|Any CPU
		{9DB69831-1AE6-423A-9D48-67401C9E05F9}.Release|Any CPU.ActiveCfg = Release|Any CPU
		{9DB69831-1AE6-423A-9D48-67401C9E05F9}.Release|Any CPU.Build.0 = Release|Any CPU
		{0F57B8B9-9286-4393-B65F-E699D6285480}.Debug|Any CPU.ActiveCfg = Debug|Any CPU
		{0F57B8B9-9286-4393-B65F-E699D6285480}.Debug|Any CPU.Build.0 = Debug|Any CPU
		{0F57B8B9-9286-4393-B65F-E699D6285480}.Release|Any CPU.ActiveCfg = Release|Any CPU
		{0F57B8B9-9286-4393-B65F-E699D6285480}.Release|Any CPU.Build.0 = Release|Any CPU
		{A12F5931-2CE1-45E6-8B78-B4D776E80F15}.Debug|Any CPU.ActiveCfg = Debug|Any CPU
		{A12F5931-2CE1-45E6-8B78-B4D776E80F15}.Debug|Any CPU.Build.0 = Debug|Any CPU
		{A12F5931-2CE1-45E6-8B78-B4D776E80F15}.Release|Any CPU.ActiveCfg = Release|Any CPU
		{A12F5931-2CE1-45E6-8B78-B4D776E80F15}.Release|Any CPU.Build.0 = Release|Any CPU
		{CBF9AA6C-914C-433A-AB5B-D7166DECB550}.Debug|Any CPU.ActiveCfg = Debug|Any CPU
		{CBF9AA6C-914C-433A-AB5B-D7166DECB550}.Debug|Any CPU.Build.0 = Debug|Any CPU
		{CBF9AA6C-914C-433A-AB5B-D7166DECB550}.Release|Any CPU.ActiveCfg = Release|Any CPU
		{CBF9AA6C-914C-433A-AB5B-D7166DECB550}.Release|Any CPU.Build.0 = Release|Any CPU
		{89D13F83-828B-4D0C-A73E-75E287A1FEF9}.Debug|Any CPU.ActiveCfg = Debug|Any CPU
		{89D13F83-828B-4D0C-A73E-75E287A1FEF9}.Debug|Any CPU.Build.0 = Debug|Any CPU
		{89D13F83-828B-4D0C-A73E-75E287A1FEF9}.Release|Any CPU.ActiveCfg = Release|Any CPU
		{89D13F83-828B-4D0C-A73E-75E287A1FEF9}.Release|Any CPU.Build.0 = Release|Any CPU
		{65CC048B-458D-41A2-AFC0-8164CA6139CD}.Debug|Any CPU.ActiveCfg = Debug|Any CPU
		{65CC048B-458D-41A2-AFC0-8164CA6139CD}.Debug|Any CPU.Build.0 = Debug|Any CPU
		{65CC048B-458D-41A2-AFC0-8164CA6139CD}.Release|Any CPU.ActiveCfg = Release|Any CPU
		{65CC048B-458D-41A2-AFC0-8164CA6139CD}.Release|Any CPU.Build.0 = Release|Any CPU
		{1DAA4563-5BF2-4380-B0E7-B7C2EBA76940}.Debug|Any CPU.ActiveCfg = Debug|Any CPU
		{1DAA4563-5BF2-4380-B0E7-B7C2EBA76940}.Debug|Any CPU.Build.0 = Debug|Any CPU
		{1DAA4563-5BF2-4380-B0E7-B7C2EBA76940}.Release|Any CPU.ActiveCfg = Release|Any CPU
		{1DAA4563-5BF2-4380-B0E7-B7C2EBA76940}.Release|Any CPU.Build.0 = Release|Any CPU
		{4083D86B-E5D1-4185-9875-7D36A9F92D79}.Debug|Any CPU.ActiveCfg = Debug|Any CPU
		{4083D86B-E5D1-4185-9875-7D36A9F92D79}.Debug|Any CPU.Build.0 = Debug|Any CPU
		{4083D86B-E5D1-4185-9875-7D36A9F92D79}.Release|Any CPU.ActiveCfg = Release|Any CPU
		{4083D86B-E5D1-4185-9875-7D36A9F92D79}.Release|Any CPU.Build.0 = Release|Any CPU
		{19A920B3-97CA-4452-90A5-F5FFECD8FF20}.Debug|Any CPU.ActiveCfg = Debug|Any CPU
		{19A920B3-97CA-4452-90A5-F5FFECD8FF20}.Debug|Any CPU.Build.0 = Debug|Any CPU
		{19A920B3-97CA-4452-90A5-F5FFECD8FF20}.Release|Any CPU.ActiveCfg = Release|Any CPU
		{19A920B3-97CA-4452-90A5-F5FFECD8FF20}.Release|Any CPU.Build.0 = Release|Any CPU
		{0745A45A-FD3B-4342-85E1-ED90EE70AF4E}.Debug|Any CPU.ActiveCfg = Debug|Any CPU
		{0745A45A-FD3B-4342-85E1-ED90EE70AF4E}.Debug|Any CPU.Build.0 = Debug|Any CPU
		{0745A45A-FD3B-4342-85E1-ED90EE70AF4E}.Release|Any CPU.ActiveCfg = Release|Any CPU
		{0745A45A-FD3B-4342-85E1-ED90EE70AF4E}.Release|Any CPU.Build.0 = Release|Any CPU
		{DD313A5A-F9E6-43FC-934E-11CDD9DA1453}.Debug|Any CPU.ActiveCfg = Debug|Any CPU
		{DD313A5A-F9E6-43FC-934E-11CDD9DA1453}.Debug|Any CPU.Build.0 = Debug|Any CPU
		{DD313A5A-F9E6-43FC-934E-11CDD9DA1453}.Release|Any CPU.ActiveCfg = Release|Any CPU
		{DD313A5A-F9E6-43FC-934E-11CDD9DA1453}.Release|Any CPU.Build.0 = Release|Any CPU
		{54520B40-3DAB-4157-843C-7645047F69E3}.Debug|Any CPU.ActiveCfg = Debug|Any CPU
		{54520B40-3DAB-4157-843C-7645047F69E3}.Debug|Any CPU.Build.0 = Debug|Any CPU
		{54520B40-3DAB-4157-843C-7645047F69E3}.Release|Any CPU.ActiveCfg = Release|Any CPU
		{54520B40-3DAB-4157-843C-7645047F69E3}.Release|Any CPU.Build.0 = Release|Any CPU
		{9FB7119F-9617-436D-955D-94AB321DF17E}.Debug|Any CPU.ActiveCfg = Debug|Any CPU
		{9FB7119F-9617-436D-955D-94AB321DF17E}.Debug|Any CPU.Build.0 = Debug|Any CPU
		{9FB7119F-9617-436D-955D-94AB321DF17E}.Release|Any CPU.ActiveCfg = Release|Any CPU
		{9FB7119F-9617-436D-955D-94AB321DF17E}.Release|Any CPU.Build.0 = Release|Any CPU
	EndGlobalSection
	GlobalSection(SolutionProperties) = preSolution
		HideSolutionNode = FALSE
	EndGlobalSection
	GlobalSection(NestedProjects) = preSolution
		{0D8006A2-830F-4875-81FC-CB06FF8786A1} = {5E19CF3B-3F3C-48BF-A4F3-E7C3CBA6ACBF}
		{31C3CF9D-4FC0-44F1-8F2E-ED261462CB9F} = {5E19CF3B-3F3C-48BF-A4F3-E7C3CBA6ACBF}
		{06C44736-2012-4F61-9306-E4C01C70083D} = {3F060D20-F669-49D8-964C-367AD1302D03}
		{9DB69831-1AE6-423A-9D48-67401C9E05F9} = {3F060D20-F669-49D8-964C-367AD1302D03}
		{0F57B8B9-9286-4393-B65F-E699D6285480} = {846372C3-4B15-4017-B8FD-BED5F2AD22CE}
		{3DC36F61-8A8F-498A-BFD7-FEFCF09FBF89} = {28F9798C-D37B-4296-B972-26CEC3155CCD}
		{A12F5931-2CE1-45E6-8B78-B4D776E80F15} = {3DC36F61-8A8F-498A-BFD7-FEFCF09FBF89}
		{CBF9AA6C-914C-433A-AB5B-D7166DECB550} = {3DC36F61-8A8F-498A-BFD7-FEFCF09FBF89}
		{89D13F83-828B-4D0C-A73E-75E287A1FEF9} = {3DC36F61-8A8F-498A-BFD7-FEFCF09FBF89}
		{8226122C-83FB-428B-A4D2-DE0B9EC9B912} = {28F9798C-D37B-4296-B972-26CEC3155CCD}
		{65CC048B-458D-41A2-AFC0-8164CA6139CD} = {8226122C-83FB-428B-A4D2-DE0B9EC9B912}
		{1DAA4563-5BF2-4380-B0E7-B7C2EBA76940} = {8226122C-83FB-428B-A4D2-DE0B9EC9B912}
		{4083D86B-E5D1-4185-9875-7D36A9F92D79} = {8226122C-83FB-428B-A4D2-DE0B9EC9B912}
		{19A920B3-97CA-4452-90A5-F5FFECD8FF20} = {8226122C-83FB-428B-A4D2-DE0B9EC9B912}
		{3CECDD55-D1D5-4656-84FB-51938C0AC11B} = {28F9798C-D37B-4296-B972-26CEC3155CCD}
		{0745A45A-FD3B-4342-85E1-ED90EE70AF4E} = {3CECDD55-D1D5-4656-84FB-51938C0AC11B}
		{DD313A5A-F9E6-43FC-934E-11CDD9DA1453} = {3CECDD55-D1D5-4656-84FB-51938C0AC11B}
		{9BCC4A24-EADE-4AD7-8CBA-DA4994B0E431} = {28F9798C-D37B-4296-B972-26CEC3155CCD}
		{54520B40-3DAB-4157-843C-7645047F69E3} = {9BCC4A24-EADE-4AD7-8CBA-DA4994B0E431}
		{9FB7119F-9617-436D-955D-94AB321DF17E} = {9BCC4A24-EADE-4AD7-8CBA-DA4994B0E431}
	EndGlobalSection
	GlobalSection(ExtensibilityGlobals) = postSolution
		SolutionGuid = {A298048A-4127-4500-8E49-01A43AF03FBB}
	EndGlobalSection
EndGlobal
